
Microsoft Visual Studio Solution File, Format Version 12.00
# Visual Studio Version 16
VisualStudioVersion = 16.0.30907.101
MinimumVisualStudioVersion = 10.0.40219.1
Project("{9A19103F-16F7-4668-BE54-9A1E7A4F7556}") = "HomeSurveillanceApp", "HomeSurveillanceApp\HomeSurveillanceApp.csproj", "{DF52D34D-907D-4150-A6D2-0EC353F55BAE}"
EndProject
Global
	GlobalSection(SolutionConfigurationPlatforms) = preSolution
		Debug|Any CPU = Debug|Any CPU
		Release|Any CPU = Release|Any CPU
	EndGlobalSection
	GlobalSection(ProjectConfigurationPlatforms) = postSolution
		{DF52D34D-907D-4150-A6D2-0EC353F55BAE}.Debug|Any CPU.ActiveCfg = Debug|Any CPU
		{DF52D34D-907D-4150-A6D2-0EC353F55BAE}.Debug|Any CPU.Build.0 = Debug|Any CPU
		{DF52D34D-907D-4150-A6D2-0EC353F55BAE}.Release|Any CPU.ActiveCfg = Release|Any CPU
		{DF52D34D-907D-4150-A6D2-0EC353F55BAE}.Release|Any CPU.Build.0 = Release|Any CPU
	EndGlobalSection
	GlobalSection(SolutionProperties) = preSolution
		HideSolutionNode = FALSE
	EndGlobalSection
	GlobalSection(ExtensibilityGlobals) = postSolution
		SolutionGuid = {A17F4B6C-5979-47AF-81BF-DD1511C57E91}
	EndGlobalSection
EndGlobal
